
Microsoft Visual Studio Solution File, Format Version 12.00
# Visual Studio 15
VisualStudioVersion = 15.0.28307.168
MinimumVisualStudioVersion = 10.0.40219.1
Project("{FAE04EC0-301F-11D3-BF4B-00C04F79EFBC}") = "CommandTemplate", "CommandTemplate\CommandTemplate.csproj", "{EA5DC378-5921-47EB-9E91-61EBFB86A2C2}"
EndProject
Global
	GlobalSection(SolutionConfigurationPlatforms) = preSolution
		Debug|Any CPU = Debug|Any CPU
		Release|Any CPU = Release|Any CPU
	EndGlobalSection
	GlobalSection(ProjectConfigurationPlatforms) = postSolution
		{EA5DC378-5921-47EB-9E91-61EBFB86A2C2}.Debug|Any CPU.ActiveCfg = Debug|Any CPU
		{EA5DC378-5921-47EB-9E91-61EBFB86A2C2}.Debug|Any CPU.Build.0 = Debug|Any CPU
		{EA5DC378-5921-47EB-9E91-61EBFB86A2C2}.Release|Any CPU.ActiveCfg = Release|Any CPU
		{EA5DC378-5921-47EB-9E91-61EBFB86A2C2}.Release|Any CPU.Build.0 = Release|Any CPU
	EndGlobalSection
	GlobalSection(SolutionProperties) = preSolution
		HideSolutionNode = FALSE
	EndGlobalSection
	GlobalSection(ExtensibilityGlobals) = postSolution
		SolutionGuid = {5E863717-5851-4921-A436-BA7A6B8AFEDC}
	EndGlobalSection
EndGlobal
